
Microsoft Visual Studio Solution File, Format Version 12.00
# Visual Studio Version 17
VisualStudioVersion = 17.3.32819.101
MinimumVisualStudioVersion = 10.0.40219.1
Project("{FAE04EC0-301F-11D3-BF4B-00C04F79EFBC}") = "HomeWork-3-fight-2-variant", "HomeWork-3-fight-2-variant.csproj", "{77722435-30BA-4B4B-B2FE-FF414255E2E9}"
EndProject
Global
	GlobalSection(SolutionConfigurationPlatforms) = preSolution
		Debug|Any CPU = Debug|Any CPU
		Release|Any CPU = Release|Any CPU
	EndGlobalSection
	GlobalSection(ProjectConfigurationPlatforms) = postSolution
		{77722435-30BA-4B4B-B2FE-FF414255E2E9}.Debug|Any CPU.ActiveCfg = Debug|Any CPU
		{77722435-30BA-4B4B-B2FE-FF414255E2E9}.Debug|Any CPU.Build.0 = Debug|Any CPU
		{77722435-30BA-4B4B-B2FE-FF414255E2E9}.Release|Any CPU.ActiveCfg = Release|Any CPU
		{77722435-30BA-4B4B-B2FE-FF414255E2E9}.Release|Any CPU.Build.0 = Release|Any CPU
	EndGlobalSection
	GlobalSection(SolutionProperties) = preSolution
		HideSolutionNode = FALSE
	EndGlobalSection
	GlobalSection(ExtensibilityGlobals) = postSolution
		SolutionGuid = {DA6728F1-6E36-4AE2-8B32-A7C32868E468}
	EndGlobalSection
EndGlobal
